
Microsoft Visual Studio Solution File, Format Version 12.00
# Visual Studio Version 17
VisualStudioVersion = 17.6.33829.357
MinimumVisualStudioVersion = 10.0.40219.1
Project("{FAE04EC0-301F-11D3-BF4B-00C04F79EFBC}") = "MeyawoPortfolio", "MeyawoPortfolio\MeyawoPortfolio.csproj", "{205BAB14-6D05-429D-8D43-BC13425C775A}"
EndProject
Global
	GlobalSection(SolutionConfigurationPlatforms) = preSolution
		Debug|Any CPU = Debug|Any CPU
		Release|Any CPU = Release|Any CPU
	EndGlobalSection
	GlobalSection(ProjectConfigurationPlatforms) = postSolution
		{205BAB14-6D05-429D-8D43-BC13425C775A}.Debug|Any CPU.ActiveCfg = Debug|Any CPU
		{205BAB14-6D05-429D-8D43-BC13425C775A}.Debug|Any CPU.Build.0 = Debug|Any CPU
		{205BAB14-6D05-429D-8D43-BC13425C775A}.Release|Any CPU.ActiveCfg = Release|Any CPU
		{205BAB14-6D05-429D-8D43-BC13425C775A}.Release|Any CPU.Build.0 = Release|Any CPU
	EndGlobalSection
	GlobalSection(SolutionProperties) = preSolution
		HideSolutionNode = FALSE
	EndGlobalSection
	GlobalSection(ExtensibilityGlobals) = postSolution
		SolutionGuid = {75E712A0-E322-4B13-87FE-C061AAB1B594}
	EndGlobalSection
EndGlobal
